
Microsoft Visual Studio Solution File, Format Version 12.00
# Visual Studio 15
VisualStudioVersion = 15.0.28307.852
MinimumVisualStudioVersion = 10.0.40219.1
Project("{FAE04EC0-301F-11D3-BF4B-00C04F79EFBC}") = "Arr_6", "Arr_6\Arr_6.csproj", "{5531ADD1-F336-4EFD-AE38-A3A1B005B4CD}"
EndProject
Global
	GlobalSection(SolutionConfigurationPlatforms) = preSolution
		Debug|Any CPU = Debug|Any CPU
		Release|Any CPU = Release|Any CPU
	EndGlobalSection
	GlobalSection(ProjectConfigurationPlatforms) = postSolution
		{5531ADD1-F336-4EFD-AE38-A3A1B005B4CD}.Debug|Any CPU.ActiveCfg = Debug|Any CPU
		{5531ADD1-F336-4EFD-AE38-A3A1B005B4CD}.Debug|Any CPU.Build.0 = Debug|Any CPU
		{5531ADD1-F336-4EFD-AE38-A3A1B005B4CD}.Release|Any CPU.ActiveCfg = Release|Any CPU
		{5531ADD1-F336-4EFD-AE38-A3A1B005B4CD}.Release|Any CPU.Build.0 = Release|Any CPU
	EndGlobalSection
	GlobalSection(SolutionProperties) = preSolution
		HideSolutionNode = FALSE
	EndGlobalSection
	GlobalSection(ExtensibilityGlobals) = postSolution
		SolutionGuid = {E1DC5B18-FCAA-4813-98BF-A33B2E466095}
	EndGlobalSection
EndGlobal
